
Microsoft Visual Studio Solution File, Format Version 12.00
# Visual Studio 15
VisualStudioVersion = 15.0.27004.2002
MinimumVisualStudioVersion = 10.0.40219.1
Project("{FAE04EC0-301F-11D3-BF4B-00C04F79EFBC}") = "TJGosstandartGateway", "TJGosstandartGateway.csproj", "{47BD39AC-81B8-46C9-ABF9-9E467B79169D}"
EndProject
Global
	GlobalSection(SolutionConfigurationPlatforms) = preSolution
		Debug|Any CPU = Debug|Any CPU
		Release|Any CPU = Release|Any CPU
	EndGlobalSection
	GlobalSection(ProjectConfigurationPlatforms) = postSolution
		{47BD39AC-81B8-46C9-ABF9-9E467B79169D}.Debug|Any CPU.ActiveCfg = Debug|Any CPU
		{47BD39AC-81B8-46C9-ABF9-9E467B79169D}.Debug|Any CPU.Build.0 = Debug|Any CPU
		{47BD39AC-81B8-46C9-ABF9-9E467B79169D}.Release|Any CPU.ActiveCfg = Release|Any CPU
		{47BD39AC-81B8-46C9-ABF9-9E467B79169D}.Release|Any CPU.Build.0 = Release|Any CPU
	EndGlobalSection
	GlobalSection(SolutionProperties) = preSolution
		HideSolutionNode = FALSE
	EndGlobalSection
	GlobalSection(ExtensibilityGlobals) = postSolution
		SolutionGuid = {7713E8F6-927A-4CA2-8E95-F3F62D8FA5E8}
	EndGlobalSection
EndGlobal
